// !$*UTF8*$!
{
	archiveVersion = 1;
	classes = {
	};
	objectVersion = 46;
	objects = {

/* Begin PBXBuildFile section */
		1C8E15511D3931C000403B39 /* main.m in Sources */ = {isa = PBXBuildFile; fileRef = 1C8E15501D3931C000403B39 /* main.m */; };
		1C8E15541D3931C000403B39 /* AppDelegate.m in Sources */ = {isa = PBXBuildFile; fileRef = 1C8E15531D3931C000403B39 /* AppDelegate.m */; };
		1C8E15571D3931C000403B39 /* ViewController.m in Sources */ = {isa = PBXBuildFile; fileRef = 1C8E15561D3931C000403B39 /* ViewController.m */; };
		1C8E155A1D3931C000403B39 /* Main.storyboard in Resources */ = {isa = PBXBuildFile; fileRef = 1C8E15581D3931C000403B39 /* Main.storyboard */; };
		1C8E155C1D3931C000403B39 /* Assets.xcassets in Resources */ = {isa = PBXBuildFile; fileRef = 1C8E155B1D3931C000403B39 /* Assets.xcassets */; };
		1C8E155F1D3931C000403B39 /* LaunchScreen.storyboard in Resources */ = {isa = PBXBuildFile; fileRef = 1C8E155D1D3931C000403B39 /* LaunchScreen.storyboard */; };
		1C8E156A1D3931C100403B39 /* RollingBannerTests.m in Sources */ = {isa = PBXBuildFile; fileRef = 1C8E15691D3931C100403B39 /* RollingBannerTests.m */; };
		1CDC166B1D464116004F6535 /* RollingBanner.m in Sources */ = {isa = PBXBuildFile; fileRef = 1CDC166A1D464116004F6535 /* RollingBanner.m */; };
/* End PBXBuildFile section */

/* Begin PBXContainerItemProxy section */
		1C8E15661D3931C100403B39 /* PBXContainerItemProxy */ = {
			isa = PBXContainerItemProxy;
			containerPortal = 1C8E15441D3931C000403B39 /* Project object */;
			proxyType = 1;
			remoteGlobalIDString = 1C8E154B1D3931C000403B39;
			remoteInfo = RollingBanner;
		};
/* End PBXContainerItemProxy section */

/* Begin PBXFileReference section */
		1C8E154C1D3931C000403B39 /* RollingBanner.app */ = {isa = PBXFileReference; explicitFileType = wrapper.application; includeInIndex = 0; path = RollingBanner.app; sourceTree = BUILT_PRODUCTS_DIR; };
		1C8E15501D3931C000403B39 /* main.m */ = {isa = PBXFileReference; lastKnownFileType = sourcecode.c.objc; path = main.m; sourceTree = "<group>"; };
		1C8E15521D3931C000403B39 /* AppDelegate.h */ = {isa = PBXFileReference; lastKnownFileType = sourcecode.c.h; path = AppDelegate.h; sourceTree = "<group>"; };
		1C8E15531D3931C000403B39 /* AppDelegate.m */ = {isa = PBXFileReference; lastKnownFileType = sourcecode.c.objc; path = AppDelegate.m; sourceTree = "<group>"; };
		1C8E15551D3931C000403B39 /* ViewController.h */ = {isa = PBXFileReference; lastKnownFileType = sourcecode.c.h; path = ViewController.h; sourceTree = "<group>"; };
		1C8E15561D3931C000403B39 /* ViewController.m */ = {isa = PBXFileReference; lastKnownFileType = sourcecode.c.objc; path = ViewController.m; sourceTree = "<group>"; };
		1C8E15591D3931C000403B39 /* Base */ = {isa = PBXFileReference; lastKnownFileType = file.storyboard; name = Base; path = Base.lproj/Main.storyboard; sourceTree = "<group>"; };
		1C8E155B1D3931C000403B39 /* Assets.xcassets */ = {isa = PBXFileReference; lastKnownFileType = folder.assetcatalog; path = Assets.xcassets; sourceTree = "<group>"; };
		1C8E155E1D3931C000403B39 /* Base */ = {isa = PBXFileReference; lastKnownFileType = file.storyboard; name = Base; path = Base.lproj/LaunchScreen.storyboard; sourceTree = "<group>"; };
		1C8E15601D3931C000403B39 /* Info.plist */ = {isa = PBXFileReference; lastKnownFileType = text.plist.xml; path = Info.plist; sourceTree = "<group>"; };
		1C8E15651D3931C100403B39 /* RollingBannerTests.xctest */ = {isa = PBXFileReference; explicitFileType = wrapper.cfbundle; includeInIndex = 0; path = RollingBannerTests.xctest; sourceTree = BUILT_PRODUCTS_DIR; };
		1C8E15691D3931C100403B39 /* RollingBannerTests.m */ = {isa = PBXFileReference; lastKnownFileType = sourcecode.c.objc; path = RollingBannerTests.m; sourceTree = "<group>"; };
		1C8E156B1D3931C100403B39 /* Info.plist */ = {isa = PBXFileReference; lastKnownFileType = text.plist.xml; path = Info.plist; sourceTree = "<group>"; };
		1CDC16691D464116004F6535 /* RollingBanner.h */ = {isa = PBXFileReference; fileEncoding = 4; lastKnownFileType = sourcecode.c.h; path = RollingBanner.h; sourceTree = "<group>"; };
		1CDC166A1D464116004F6535 /* RollingBanner.m */ = {isa = PBXFileReference; fileEncoding = 4; lastKnownFileType = sourcecode.c.objc; path = RollingBanner.m; sourceTree = "<group>"; };
/* End PBXFileReference section */

/* Begin PBXFrameworksBuildPhase section */
		1C8E15491D3931C000403B39 /* Frameworks */ = {
			isa = PBXFrameworksBuildPhase;
			buildActionMask = 2147483647;
			files = (
			);
			runOnlyForDeploymentPostprocessing = 0;
		};
		1C8E15621D3931C100403B39 /* Frameworks */ = {
			isa = PBXFrameworksBuildPhase;
			buildActionMask = 2147483647;
			files = (
			);
			runOnlyForDeploymentPostprocessing = 0;
		};
/* End PBXFrameworksBuildPhase section */

/* Begin PBXGroup section */
		1C8E15431D3931C000403B39 = {
			isa = PBXGroup;
			children = (
				1C8E154E1D3931C000403B39 /* RollingBanner */,
				1C8E15681D3931C100403B39 /* RollingBannerTests */,
				1C8E154D1D3931C000403B39 /* Products */,
			);
			sourceTree = "<group>";
		};
		1C8E154D1D3931C000403B39 /* Products */ = {
			isa = PBXGroup;
			children = (
				1C8E154C1D3931C000403B39 /* RollingBanner.app */,
				1C8E15651D3931C100403B39 /* RollingBannerTests.xctest */,
			);
			name = Products;
			sourceTree = "<group>";
		};
		1C8E154E1D3931C000403B39 /* RollingBanner */ = {
			isa = PBXGroup;
			children = (
				1CDC16681D464116004F6535 /* RollingBanner */,
				1C8E15521D3931C000403B39 /* AppDelegate.h */,
				1C8E15531D3931C000403B39 /* AppDelegate.m */,
				1C8E15551D3931C000403B39 /* ViewController.h */,
				1C8E15561D3931C000403B39 /* ViewController.m */,
				1C8E15581D3931C000403B39 /* Main.storyboard */,
				1C8E155B1D3931C000403B39 /* Assets.xcassets */,
				1C8E155D1D3931C000403B39 /* LaunchScreen.storyboard */,
				1C8E15601D3931C000403B39 /* Info.plist */,
				1C8E154F1D3931C000403B39 /* Supporting Files */,
			);
			path = RollingBanner;
			sourceTree = "<group>";
		};
		1C8E154F1D3931C000403B39 /* Supporting Files */ = {
			isa = PBXGroup;
			children = (
				1C8E15501D3931C000403B39 /* main.m */,
			);
			name = "Supporting Files";
			sourceTree = "<group>";
		};
		1C8E15681D3931C100403B39 /* RollingBannerTests */ = {
			isa = PBXGroup;
			children = (
				1C8E15691D3931C100403B39 /* RollingBannerTests.m */,
				1C8E156B1D3931C100403B39 /* Info.plist */,
			);
			path = RollingBannerTests;
			sourceTree = "<group>";
		};
		1CDC16681D464116004F6535 /* RollingBanner */ = {
			isa = PBXGroup;
			children = (
				1CDC16691D464116004F6535 /* RollingBanner.h */,
				1CDC166A1D464116004F6535 /* RollingBanner.m */,
			);
			path = RollingBanner;
			sourceTree = "<group>";
		};
/* End PBXGroup section */

/* Begin PBXNativeTarget section */
		1C8E154B1D3931C000403B39 /* RollingBanner */ = {
			isa = PBXNativeTarget;
			buildConfigurationList = 1C8E156E1D3931C100403B39 /* Build configuration list for PBXNativeTarget "RollingBanner" */;
			buildPhases = (
				1C8E15481D3931C000403B39 /* Sources */,
				1C8E15491D3931C000403B39 /* Frameworks */,
				1C8E154A1D3931C000403B39 /* Resources */,
			);
			buildRules = (
			);
			dependencies = (
			);
			name = RollingBanner;
			productName = RollingBanner;
			productReference = 1C8E154C1D3931C000403B39 /* RollingBanner.app */;
			productType = "com.apple.product-type.application";
		};
		1C8E15641D3931C100403B39 /* RollingBannerTests */ = {
			isa = PBXNativeTarget;
			buildConfigurationList = 1C8E15711D3931C100403B39 /* Build configuration list for PBXNativeTarget "RollingBannerTests" */;
			buildPhases = (
				1C8E15611D3931C100403B39 /* Sources */,
				1C8E15621D3931C100403B39 /* Frameworks */,
				1C8E15631D3931C100403B39 /* Resources */,
			);
			buildRules = (
			);
			dependencies = (
				1C8E15671D3931C100403B39 /* PBXTargetDependency */,
			);
			name = RollingBannerTests;
			productName = RollingBannerTests;
			productReference = 1C8E15651D3931C100403B39 /* RollingBannerTests.xctest */;
			productType = "com.apple.product-type.bundle.unit-test";
		};
/* End PBXNativeTarget section */

/* Begin PBXProject section */
		1C8E15441D3931C000403B39 /* Project object */ = {
			isa = PBXProject;
			attributes = {
				LastUpgradeCheck = 0730;
				ORGANIZATIONNAME = com.hy.banner;
				TargetAttributes = {
					1C8E154B1D3931C000403B39 = {
						CreatedOnToolsVersion = 7.3.1;
						DevelopmentTeam = R2LM547DJG;
					};
					1C8E15641D3931C100403B39 = {
						CreatedOnToolsVersion = 7.3.1;
						TestTargetID = 1C8E154B1D3931C000403B39;
					};
				};
			};
			buildConfigurationList = 1C8E15471D3931C000403B39 /* Build configuration list for PBXProject "RollingBanner" */;
			compatibilityVersion = "Xcode 3.2";
			developmentRegion = English;
			hasScannedForEncodings = 0;
			knownRegions = (
				en,
				Base,
			);
			mainGroup = 1C8E15431D3931C000403B39;
			productRefGroup = 1C8E154D1D3931C000403B39 /* Products */;
			projectDirPath = "";
			projectRoot = "";
			targets = (
				1C8E154B1D3931C000403B39 /* RollingBanner */,
				1C8E15641D3931C100403B39 /* RollingBannerTests */,
			);
		};
/* End PBXProject section */

/* Begin PBXResourcesBuildPhase section */
		1C8E154A1D3931C000403B39 /* Resources */ = {
			isa = PBXResourcesBuildPhase;
			buildActionMask = 2147483647;
			files = (
				1C8E155F1D3931C000403B39 /* LaunchScreen.storyboard in Resources */,
				1C8E155C1D3931C000403B39 /* Assets.xcassets in Resources */,
				1C8E155A1D3931C000403B39 /* Main.storyboard in Resources */,
			);
			runOnlyForDeploymentPostprocessing = 0;
		};
		1C8E15631D3931C100403B39 /* Resources */ = {
			isa = PBXResourcesBuildPhase;
			buildActionMask = 2147483647;
			files = (
			);
			runOnlyForDeploymentPostprocessing = 0;
		};
/* End PBXResourcesBuildPhase section */

/* Begin PBXSourcesBuildPhase section */
		1C8E15481D3931C000403B39 /* Sources */ = {
			isa = PBXSourcesBuildPhase;
			buildActionMask = 2147483647;
			files = (
				1C8E15571D3931C000403B39 /* ViewController.m in Sources */,
				1C8E15541D3931C000403B39 /* AppDelegate.m in Sources */,
				1C8E15511D3931C000403B39 /* main.m in Sources */,
				1CDC166B1D464116004F6535 /* RollingBanner.m in Sources */,
			);
			runOnlyForDeploymentPostprocessing = 0;
		};
		1C8E15611D3931C100403B39 /* Sources */ = {
			isa = PBXSourcesBuildPhase;
			buildActionMask = 2147483647;
			files = (
				1C8E156A1D3931C100403B39 /* RollingBannerTests.m in Sources */,
			);
			runOnlyForDeploymentPostprocessing = 0;
		};
/* End PBXSourcesBuildPhase section */

/* Begin PBXTargetDependency section */
		1C8E15671D3931C100403B39 /* PBXTargetDependency */ = {
			isa = PBXTargetDependency;
			target = 1C8E154B1D3931C000403B39 /* RollingBanner */;
			targetProxy = 1C8E15661D3931C100403B39 /* PBXContainerItemProxy */;
		};
/* End PBXTargetDependency section */

/* Begin PBXVariantGroup section */
		1C8E15581D3931C000403B39 /* Main.storyboard */ = {
			isa = PBXVariantGroup;
			children = (
				1C8E15591D3931C000403B39 /* Base */,
			);
			name = Main.storyboard;
			sourceTree = "<group>";
		};
		1C8E155D1D3931C000403B39 /* LaunchScreen.storyboard */ = {
			isa = PBXVariantGroup;
			children = (
				1C8E155E1D3931C000403B39 /* Base */,
			);
			name = LaunchScreen.storyboard;
			sourceTree = "<group>";
		};
/* End PBXVariantGroup section */

/* Begin XCBuildConfiguration section */
		1C8E156C1D3931C100403B39 /* Debug */ = {
			isa = XCBuildConfiguration;
			buildSettings = {
				ALWAYS_SEARCH_USER_PATHS = NO;
				CLANG_ANALYZER_NONNULL = YES;
				CLANG_CXX_LANGUAGE_STANDARD = "gnu++0x";
				CLANG_CXX_LIBRARY = "libc++";
				CLANG_ENABLE_MODULES = YES;
				CLANG_ENABLE_OBJC_ARC = YES;
				CLANG_WARN_BOOL_CONVERSION = YES;
				CLANG_WARN_CONSTANT_CONVERSION = YES;
				CLANG_WARN_DIRECT_OBJC_ISA_USAGE = YES_ERROR;
				CLANG_WARN_EMPTY_BODY = YES;
				CLANG_WARN_ENUM_CONVERSION = YES;
				CLANG_WARN_INT_CONVERSION = YES;
				CLANG_WARN_OBJC_ROOT_CLASS = YES_ERROR;
				CLANG_WARN_UNREACHABLE_CODE = YES;
				CLANG_WARN__DUPLICATE_METHOD_MATCH = YES;
				"CODE_SIGN_IDENTITY[sdk=iphoneos*]" = "iPhone Developer";
				COPY_PHASE_STRIP = NO;
				DEBUG_INFORMATION_FORMAT = dwarf;
				ENABLE_STRICT_OBJC_MSGSEND = YES;
				ENABLE_TESTABILITY = YES;
				GCC_C_LANGUAGE_STANDARD = gnu99;
				GCC_DYNAMIC_NO_PIC = NO;
				GCC_NO_COMMON_BLOCKS = YES;
				GCC_OPTIMIZATION_LEVEL = 0;
				GCC_PREPROCESSOR_DEFINITIONS = (
					"DEBUG=1",
					"$(inherited)",
				);
				GCC_WARN_64_TO_32_BIT_CONVERSION = YES;
				GCC_WARN_ABOUT_RETURN_TYPE = YES_ERROR;
				GCC_WARN_UNDECLARED_SELECTOR = YES;
				GCC_WARN_UNINITIALIZED_AUTOS = YES_AGGRESSIVE;
				GCC_WARN_UNUSED_FUNCTION = YES;
				GCC_WARN_UNUSED_VARIABLE = YES;
				IPHONEOS_DEPLOYMENT_TARGET = 9.3;
				MTL_ENABLE_DEBUG_INFO = YES;
				ONLY_ACTIVE_ARCH = YES;
				SDKROOT = iphoneos;
			};
			name = Debug;
		};
		1C8E156D1D3931C100403B39 /* Release */ = {
			isa = XCBuildConfiguration;
			buildSettings = {
				ALWAYS_SEARCH_USER_PATHS = NO;
				CLANG_ANALYZER_NONNULL = YES;
				CLANG_CXX_LANGUAGE_STANDARD = "gnu++0x";
				CLANG_CXX_LIBRARY = "libc++";
				CLANG_ENABLE_MODULES = YES;
				CLANG_ENABLE_OBJC_ARC = YES;
				CLANG_WARN_BOOL_CONVERSION = YES;
				CLANG_WARN_CONSTANT_CONVERSION = YES;
				CLANG_WARN_DIRECT_OBJC_ISA_USAGE = YES_ERROR;
				CLANG_WARN_EMPTY_BODY = YES;
				CLANG_WARN_ENUM_CONVERSION = YES;
				CLANG_WARN_INT_CONVERSION = YES;
				CLANG_WARN_OBJC_ROOT_CLASS = YES_ERROR;
				CLANG_WARN_UNREACHABLE_CODE = YES;
				CLANG_WARN__DUPLICATE_METHOD_MATCH = YES;
				"CODE_SIGN_IDENTITY[sdk=iphoneos*]" = "iPhone Developer";
				COPY_PHASE_STRIP = NO;
				DEBUG_INFORMATION_FORMAT = "dwarf-with-dsym";
				ENABLE_NS_ASSERTIONS = NO;
				ENABLE_STRICT_OBJC_MSGSEND = YES;
				GCC_C_LANGUAGE_STANDARD = gnu99;
				GCC_NO_COMMON_BLOCKS = YES;
				GCC_WARN_64_TO_32_BIT_CONVERSION = YES;
				GCC_WARN_ABOUT_RETURN_TYPE = YES_ERROR;
				GCC_WARN_UNDECLARED_SELECTOR = YES;
				GCC_WARN_UNINITIALIZED_AUTOS = YES_AGGRESSIVE;
				GCC_WARN_UNUSED_FUNCTION = YES;
				GCC_WARN_UNUSED_VARIABLE = YES;
				IPHONEOS_DEPLOYMENT_TARGET = 9.3;
				MTL_ENABLE_DEBUG_INFO = NO;
				SDKROOT = iphoneos;
				VALIDATE_PRODUCT = YES;
			};
			name = Release;
		};
		1C8E156F1D3931C100403B39 /* Debug */ = {
			isa = XCBuildConfiguration;
			buildSettings = {
				ASSETCATALOG_COMPILER_APPICON_NAME = AppIcon;
				CODE_SIGN_IDENTITY = "iPhone Developer";
				"CODE_SIGN_IDENTITY[sdk=iphoneos*]" = "iPhone Developer";
				INFOPLIST_FILE = RollingBanner/Info.plist;
				LD_RUNPATH_SEARCH_PATHS = "$(inherited) @executable_path/Frameworks";
				PRODUCT_BUNDLE_IDENTIFIER = com.hy.RollingBanner;
				PRODUCT_NAME = "$(TARGET_NAME)";
				PROVISIONING_PROFILE = "";
			};
			name = Debug;
		};
		1C8E15701D3931C100403B39 /* Release */ = {
			isa = XCBuildConfiguration;
			buildSettings = {
				ASSETCATALOG_COMPILER_APPICON_NAME = AppIcon;
				CODE_SIGN_IDENTITY = "iPhone Developer";
				"CODE_SIGN_IDENTITY[sdk=iphoneos*]" = "iPhone Developer";
				INFOPLIST_FILE = RollingBanner/Info.plist;
				LD_RUNPATH_SEARCH_PATHS = "$(inherited) @executable_path/Frameworks";
				PRODUCT_BUNDLE_IDENTIFIER = com.hy.RollingBanner;
				PRODUCT_NAME = "$(TARGET_NAME)";
				PROVISIONING_PROFILE = "";
			};
			name = Release;
		};
		1C8E15721D3931C100403B39 /* Debug */ = {
			isa = XCBuildConfiguration;
			buildSettings = {
				BUNDLE_LOADER = "$(TEST_HOST)";
				INFOPLIST_FILE = RollingBannerTests/Info.plist;
				LD_RUNPATH_SEARCH_PATHS = "$(inherited) @executable_path/Frameworks @loader_path/Frameworks";
				PRODUCT_BUNDLE_IDENTIFIER = com.hy.RollingBannerTests;
				PRODUCT_NAME = "$(TARGET_NAME)";
				TEST_HOST = "$(BUILT_PRODUCTS_DIR)/RollingBanner.app/RollingBanner";
			};
			name = Debug;
		};
		1C8E15731D3931C100403B39 /* Release */ = {
			isa = XCBuildConfiguration;
			buildSettings = {
				BUNDLE_LOADER = "$(TEST_HOST)";
				INFOPLIST_FILE = RollingBannerTests/Info.plist;
				LD_RUNPATH_SEARCH_PATHS = "$(inherited) @executable_path/Frameworks @loader_path/Frameworks";
				PRODUCT_BUNDLE_IDENTIFIER = com.hy.RollingBannerTests;
				PRODUCT_NAME = "$(TARGET_NAME)";
				TEST_HOST = "$(BUILT_PRODUCTS_DIR)/RollingBanner.app/RollingBanner";
			};
			name = Release;
		};
/* End XCBuildConfiguration section */

/* Begin XCConfigurationList section */
		1C8E15471D3931C000403B39 /* Build configuration list for PBXProject "RollingBanner" */ = {
			isa = XCConfigurationList;
			buildConfigurations = (
				1C8E156C1D3931C100403B39 /* Debug */,
				1C8E156D1D3931C100403B39 /* Release */,
			);
			defaultConfigurationIsVisible = 0;
			defaultConfigurationName = Release;
		};
		1C8E156E1D3931C100403B39 /* Build configuration list for PBXNativeTarget "RollingBanner" */ = {
			isa = XCConfigurationList;
			buildConfigurations = (
				1C8E156F1D3931C100403B39 /* Debug */,
				1C8E15701D3931C100403B39 /* Release */,
			);
			defaultConfigurationIsVisible = 0;
			defaultConfigurationName = Release;
		};
		1C8E15711D3931C100403B39 /* Build configuration list for PBXNativeTarget "RollingBannerTests" */ = {
			isa = XCConfigurationList;
			buildConfigurations = (
				1C8E15721D3931C100403B39 /* Debug */,
				1C8E15731D3931C100403B39 /* Release */,
			);
			defaultConfigurationIsVisible = 0;
			defaultConfigurationName = Release;
		};
/* End XCConfigurationList section */
	};
	rootObject = 1C8E15441D3931C000403B39 /* Project object */;
}
